// !$*UTF8*$!
{
	archiveVersion = 1;
	classes = {
	};
	objectVersion = 56;
	objects = {

/* Begin PBXBuildFile section */
		7C1ED00D291DC7D9002B3576 /* FirebaseAuth in Frameworks */ = {isa = PBXBuildFile; productRef = 7C1ED00C291DC7D9002B3576 /* FirebaseAuth */; };
		7C1ED00F291DC7D9002B3576 /* FirebaseFirestore in Frameworks */ = {isa = PBXBuildFile; productRef = 7C1ED00E291DC7D9002B3576 /* FirebaseFirestore */; };
		7C1ED011291DC7D9002B3576 /* FirebaseFirestoreSwift in Frameworks */ = {isa = PBXBuildFile; productRef = 7C1ED010291DC7D9002B3576 /* FirebaseFirestoreSwift */; };
		7C1ED013291DC7D9002B3576 /* FirebaseStorage in Frameworks */ = {isa = PBXBuildFile; productRef = 7C1ED012291DC7D9002B3576 /* FirebaseStorage */; };
		7C1ED015291DC9D6002B3576 /* GoogleService-Info.plist in Resources */ = {isa = PBXBuildFile; fileRef = 7C1ED014291DC9D6002B3576 /* GoogleService-Info.plist */; };
		7C493F2E2935900A0002CD99 /* Review.swift in Sources */ = {isa = PBXBuildFile; fileRef = 7C493F2D2935900A0002CD99 /* Review.swift */; };
		7C493F302935924B0002CD99 /* ReviewView.swift in Sources */ = {isa = PBXBuildFile; fileRef = 7C493F2F2935924B0002CD99 /* ReviewView.swift */; };
		7C493F322935A13A0002CD99 /* StarsSelectionView.swift in Sources */ = {isa = PBXBuildFile; fileRef = 7C493F312935A13A0002CD99 /* StarsSelectionView.swift */; };
		7C8337412935F9BE00183890 /* ReviewViewModel.swift in Sources */ = {isa = PBXBuildFile; fileRef = 7C8337402935F9BE00183890 /* ReviewViewModel.swift */; };
		7CB25BFA2923AA2300945B58 /* Spot.swift in Sources */ = {isa = PBXBuildFile; fileRef = 7CB25BF92923AA2300945B58 /* Spot.swift */; };
		7CB25BFC2923AC1800945B58 /* SpotDetailView.swift in Sources */ = {isa = PBXBuildFile; fileRef = 7CB25BFB2923AC1800945B58 /* SpotDetailView.swift */; };
		7CB25BFE29244D5B00945B58 /* SpotViewModel.swift in Sources */ = {isa = PBXBuildFile; fileRef = 7CB25BFD29244D5B00945B58 /* SpotViewModel.swift */; };
		7CB7C6DF291D03580094E9F2 /* Food_ExplorerApp.swift in Sources */ = {isa = PBXBuildFile; fileRef = 7CB7C6DE291D03580094E9F2 /* Food_ExplorerApp.swift */; };
		7CB7C6E1291D03580094E9F2 /* LoginView.swift in Sources */ = {isa = PBXBuildFile; fileRef = 7CB7C6E0291D03580094E9F2 /* LoginView.swift */; };
		7CB7C6E3291D035A0094E9F2 /* Assets.xcassets in Resources */ = {isa = PBXBuildFile; fileRef = 7CB7C6E2291D035A0094E9F2 /* Assets.xcassets */; };
		7CB7C6E6291D035A0094E9F2 /* Preview Assets.xcassets in Resources */ = {isa = PBXBuildFile; fileRef = 7CB7C6E5291D035A0094E9F2 /* Preview Assets.xcassets */; };
		7CD4BBE92921D49F007EB084 /* ListView.swift in Sources */ = {isa = PBXBuildFile; fileRef = 7CD4BBE82921D49F007EB084 /* ListView.swift */; };
		7CDFD701292DFB32005345D2 /* PlaceLookupView.swift in Sources */ = {isa = PBXBuildFile; fileRef = 7CDFD6FD292DFB32005345D2 /* PlaceLookupView.swift */; };
		7CDFD702292DFB32005345D2 /* Place.swift in Sources */ = {isa = PBXBuildFile; fileRef = 7CDFD6FE292DFB32005345D2 /* Place.swift */; };
		7CDFD703292DFB32005345D2 /* LocationManager.swift in Sources */ = {isa = PBXBuildFile; fileRef = 7CDFD6FF292DFB32005345D2 /* LocationManager.swift */; };
		7CDFD704292DFB32005345D2 /* PlaceViewModel.swift in Sources */ = {isa = PBXBuildFile; fileRef = 7CDFD700292DFB32005345D2 /* PlaceViewModel.swift */; };
/* End PBXBuildFile section */

/* Begin PBXFileReference section */
		7C1ED00A291DC08B002B3576 /* Food-Explorer-Info.plist */ = {isa = PBXFileReference; lastKnownFileType = text.plist; path = "Food-Explorer-Info.plist"; sourceTree = SOURCE_ROOT; };
		7C1ED014291DC9D6002B3576 /* GoogleService-Info.plist */ = {isa = PBXFileReference; lastKnownFileType = text.plist; path = "GoogleService-Info.plist"; sourceTree = SOURCE_ROOT; };
		7C493F2D2935900A0002CD99 /* Review.swift */ = {isa = PBXFileReference; lastKnownFileType = sourcecode.swift; path = Review.swift; sourceTree = "<group>"; };
		7C493F2F2935924B0002CD99 /* ReviewView.swift */ = {isa = PBXFileReference; lastKnownFileType = sourcecode.swift; path = ReviewView.swift; sourceTree = "<group>"; };
		7C493F312935A13A0002CD99 /* StarsSelectionView.swift */ = {isa = PBXFileReference; lastKnownFileType = sourcecode.swift; path = StarsSelectionView.swift; sourceTree = "<group>"; };
		7C8337402935F9BE00183890 /* ReviewViewModel.swift */ = {isa = PBXFileReference; lastKnownFileType = sourcecode.swift; path = ReviewViewModel.swift; sourceTree = "<group>"; };
		7CB25BF92923AA2300945B58 /* Spot.swift */ = {isa = PBXFileReference; lastKnownFileType = sourcecode.swift; path = Spot.swift; sourceTree = "<group>"; };
		7CB25BFB2923AC1800945B58 /* SpotDetailView.swift */ = {isa = PBXFileReference; lastKnownFileType = sourcecode.swift; path = SpotDetailView.swift; sourceTree = "<group>"; };
		7CB25BFD29244D5B00945B58 /* SpotViewModel.swift */ = {isa = PBXFileReference; lastKnownFileType = sourcecode.swift; path = SpotViewModel.swift; sourceTree = "<group>"; };
		7CB7C6DB291D03580094E9F2 /* Food Explorer.app */ = {isa = PBXFileReference; explicitFileType = wrapper.application; includeInIndex = 0; path = "Food Explorer.app"; sourceTree = BUILT_PRODUCTS_DIR; };
		7CB7C6DE291D03580094E9F2 /* Food_ExplorerApp.swift */ = {isa = PBXFileReference; lastKnownFileType = sourcecode.swift; path = Food_ExplorerApp.swift; sourceTree = "<group>"; };
		7CB7C6E0291D03580094E9F2 /* LoginView.swift */ = {isa = PBXFileReference; lastKnownFileType = sourcecode.swift; path = LoginView.swift; sourceTree = "<group>"; };
		7CB7C6E2291D035A0094E9F2 /* Assets.xcassets */ = {isa = PBXFileReference; lastKnownFileType = folder.assetcatalog; path = Assets.xcassets; sourceTree = "<group>"; };
		7CB7C6E5291D035A0094E9F2 /* Preview Assets.xcassets */ = {isa = PBXFileReference; lastKnownFileType = folder.assetcatalog; path = "Preview Assets.xcassets"; sourceTree = "<group>"; };
		7CD4BBE82921D49F007EB084 /* ListView.swift */ = {isa = PBXFileReference; lastKnownFileType = sourcecode.swift; path = ListView.swift; sourceTree = "<group>"; };
		7CDFD6FD292DFB32005345D2 /* PlaceLookupView.swift */ = {isa = PBXFileReference; fileEncoding = 4; lastKnownFileType = sourcecode.swift; path = PlaceLookupView.swift; sourceTree = "<group>"; };
		7CDFD6FE292DFB32005345D2 /* Place.swift */ = {isa = PBXFileReference; fileEncoding = 4; lastKnownFileType = sourcecode.swift; path = Place.swift; sourceTree = "<group>"; };
		7CDFD6FF292DFB32005345D2 /* LocationManager.swift */ = {isa = PBXFileReference; fileEncoding = 4; lastKnownFileType = sourcecode.swift; path = LocationManager.swift; sourceTree = "<group>"; };
		7CDFD700292DFB32005345D2 /* PlaceViewModel.swift */ = {isa = PBXFileReference; fileEncoding = 4; lastKnownFileType = sourcecode.swift; path = PlaceViewModel.swift; sourceTree = "<group>"; };
/* End PBXFileReference section */

/* Begin PBXFrameworksBuildPhase section */
		7CB7C6D8291D03580094E9F2 /* Frameworks */ = {
			isa = PBXFrameworksBuildPhase;
			buildActionMask = 2147483647;
			files = (
				7C1ED00D291DC7D9002B3576 /* FirebaseAuth in Frameworks */,
				7C1ED013291DC7D9002B3576 /* FirebaseStorage in Frameworks */,
				7C1ED00F291DC7D9002B3576 /* FirebaseFirestore in Frameworks */,
				7C1ED011291DC7D9002B3576 /* FirebaseFirestoreSwift in Frameworks */,
			);
			runOnlyForDeploymentPostprocessing = 0;
		};
/* End PBXFrameworksBuildPhase section */

/* Begin PBXGroup section */
		7C493F2A29358F920002CD99 /* Models */ = {
			isa = PBXGroup;
			children = (
				7CDFD6FE292DFB32005345D2 /* Place.swift */,
				7CB25BF92923AA2300945B58 /* Spot.swift */,
				7C493F2D2935900A0002CD99 /* Review.swift */,
			);
			path = Models;
			sourceTree = "<group>";
		};
		7C493F2B29358FB70002CD99 /* ViewModels */ = {
			isa = PBXGroup;
			children = (
				7CB25BFD29244D5B00945B58 /* SpotViewModel.swift */,
				7CDFD6FF292DFB32005345D2 /* LocationManager.swift */,
				7CDFD700292DFB32005345D2 /* PlaceViewModel.swift */,
				7C8337402935F9BE00183890 /* ReviewViewModel.swift */,
			);
			path = ViewModels;
			sourceTree = "<group>";
		};
		7C493F2C29358FE10002CD99 /* Views */ = {
			isa = PBXGroup;
			children = (
				7CB7C6E0291D03580094E9F2 /* LoginView.swift */,
				7CD4BBE82921D49F007EB084 /* ListView.swift */,
				7CB25BFB2923AC1800945B58 /* SpotDetailView.swift */,
				7CDFD6FD292DFB32005345D2 /* PlaceLookupView.swift */,
				7C493F2F2935924B0002CD99 /* ReviewView.swift */,
				7C493F312935A13A0002CD99 /* StarsSelectionView.swift */,
			);
			path = Views;
			sourceTree = "<group>";
		};
		7CB7C6D2291D03580094E9F2 = {
			isa = PBXGroup;
			children = (
				7CB7C6DD291D03580094E9F2 /* Food Explorer */,
				7CB7C6DC291D03580094E9F2 /* Products */,
			);
			sourceTree = "<group>";
		};
		7CB7C6DC291D03580094E9F2 /* Products */ = {
			isa = PBXGroup;
			children = (
				7CB7C6DB291D03580094E9F2 /* Food Explorer.app */,
			);
			name = Products;
			sourceTree = "<group>";
		};
		7CB7C6DD291D03580094E9F2 /* Food Explorer */ = {
			isa = PBXGroup;
			children = (
				7C1ED00A291DC08B002B3576 /* Food-Explorer-Info.plist */,
				7CB7C6DE291D03580094E9F2 /* Food_ExplorerApp.swift */,
				7C493F2A29358F920002CD99 /* Models */,
				7C493F2B29358FB70002CD99 /* ViewModels */,
				7C493F2C29358FE10002CD99 /* Views */,
				7CB7C6E2291D035A0094E9F2 /* Assets.xcassets */,
				7C1ED014291DC9D6002B3576 /* GoogleService-Info.plist */,
				7CB7C6E4291D035A0094E9F2 /* Preview Content */,
			);
			path = "Food Explorer";
			sourceTree = "<group>";
		};
		7CB7C6E4291D035A0094E9F2 /* Preview Content */ = {
			isa = PBXGroup;
			children = (
				7CB7C6E5291D035A0094E9F2 /* Preview Assets.xcassets */,
			);
			path = "Preview Content";
			sourceTree = "<group>";
		};
/* End PBXGroup section */

/* Begin PBXNativeTarget section */
		7CB7C6DA291D03580094E9F2 /* Food Explorer */ = {
			isa = PBXNativeTarget;
			buildConfigurationList = 7CB7C6E9291D035A0094E9F2 /* Build configuration list for PBXNativeTarget "Food Explorer" */;
			buildPhases = (
				7CB7C6D7291D03580094E9F2 /* Sources */,
				7CB7C6D8291D03580094E9F2 /* Frameworks */,
				7CB7C6D9291D03580094E9F2 /* Resources */,
			);
			buildRules = (
			);
			dependencies = (
			);
			name = "Food Explorer";
			packageProductDependencies = (
				7C1ED00C291DC7D9002B3576 /* FirebaseAuth */,
				7C1ED00E291DC7D9002B3576 /* FirebaseFirestore */,
				7C1ED010291DC7D9002B3576 /* FirebaseFirestoreSwift */,
				7C1ED012291DC7D9002B3576 /* FirebaseStorage */,
			);
			productName = "Food Explorer";
			productReference = 7CB7C6DB291D03580094E9F2 /* Food Explorer.app */;
			productType = "com.apple.product-type.application";
		};
/* End PBXNativeTarget section */

/* Begin PBXProject section */
		7CB7C6D3291D03580094E9F2 /* Project object */ = {
			isa = PBXProject;
			attributes = {
				BuildIndependentTargetsInParallel = 1;
				LastSwiftUpdateCheck = 1400;
				LastUpgradeCheck = 1400;
				TargetAttributes = {
					7CB7C6DA291D03580094E9F2 = {
						CreatedOnToolsVersion = 14.0.1;
					};
				};
			};
			buildConfigurationList = 7CB7C6D6291D03580094E9F2 /* Build configuration list for PBXProject "Food Explorer" */;
			compatibilityVersion = "Xcode 14.0";
			developmentRegion = en;
			hasScannedForEncodings = 0;
			knownRegions = (
				en,
				Base,
			);
			mainGroup = 7CB7C6D2291D03580094E9F2;
			packageReferences = (
				7C1ED00B291DC7D9002B3576 /* XCRemoteSwiftPackageReference "firebase-ios-sdk" */,
			);
			productRefGroup = 7CB7C6DC291D03580094E9F2 /* Products */;
			projectDirPath = "";
			projectRoot = "";
			targets = (
				7CB7C6DA291D03580094E9F2 /* Food Explorer */,
			);
		};
/* End PBXProject section */

/* Begin PBXResourcesBuildPhase section */
		7CB7C6D9291D03580094E9F2 /* Resources */ = {
			isa = PBXResourcesBuildPhase;
			buildActionMask = 2147483647;
			files = (
				7CB7C6E6291D035A0094E9F2 /* Preview Assets.xcassets in Resources */,
				7CB7C6E3291D035A0094E9F2 /* Assets.xcassets in Resources */,
				7C1ED015291DC9D6002B3576 /* GoogleService-Info.plist in Resources */,
			);
			runOnlyForDeploymentPostprocessing = 0;
		};
/* End PBXResourcesBuildPhase section */

/* Begin PBXSourcesBuildPhase section */
		7CB7C6D7291D03580094E9F2 /* Sources */ = {
			isa = PBXSourcesBuildPhase;
			buildActionMask = 2147483647;
			files = (
				7CB25BFC2923AC1800945B58 /* SpotDetailView.swift in Sources */,
				7CDFD701292DFB32005345D2 /* PlaceLookupView.swift in Sources */,
				7C8337412935F9BE00183890 /* ReviewViewModel.swift in Sources */,
				7CB7C6E1291D03580094E9F2 /* LoginView.swift in Sources */,
				7C493F322935A13A0002CD99 /* StarsSelectionView.swift in Sources */,
				7CDFD702292DFB32005345D2 /* Place.swift in Sources */,
				7C493F302935924B0002CD99 /* ReviewView.swift in Sources */,
				7CB25BFE29244D5B00945B58 /* SpotViewModel.swift in Sources */,
				7CB7C6DF291D03580094E9F2 /* Food_ExplorerApp.swift in Sources */,
				7C493F2E2935900A0002CD99 /* Review.swift in Sources */,
				7CDFD704292DFB32005345D2 /* PlaceViewModel.swift in Sources */,
				7CD4BBE92921D49F007EB084 /* ListView.swift in Sources */,
				7CB25BFA2923AA2300945B58 /* Spot.swift in Sources */,
				7CDFD703292DFB32005345D2 /* LocationManager.swift in Sources */,
			);
			runOnlyForDeploymentPostprocessing = 0;
		};
/* End PBXSourcesBuildPhase section */

/* Begin XCBuildConfiguration section */
		7CB7C6E7291D035A0094E9F2 /* Debug */ = {
			isa = XCBuildConfiguration;
			buildSettings = {
				ALWAYS_SEARCH_USER_PATHS = NO;
				CLANG_ANALYZER_NONNULL = YES;
				CLANG_ANALYZER_NUMBER_OBJECT_CONVERSION = YES_AGGRESSIVE;
				CLANG_CXX_LANGUAGE_STANDARD = "gnu++20";
				CLANG_ENABLE_MODULES = YES;
				CLANG_ENABLE_OBJC_ARC = YES;
				CLANG_ENABLE_OBJC_WEAK = YES;
				CLANG_WARN_BLOCK_CAPTURE_AUTORELEASING = YES;
				CLANG_WARN_BOOL_CONVERSION = YES;
				CLANG_WARN_COMMA = YES;
				CLANG_WARN_CONSTANT_CONVERSION = YES;
				CLANG_WARN_DEPRECATED_OBJC_IMPLEMENTATIONS = YES;
				CLANG_WARN_DIRECT_OBJC_ISA_USAGE = YES_ERROR;
				CLANG_WARN_DOCUMENTATION_COMMENTS = YES;
				CLANG_WARN_EMPTY_BODY = YES;
				CLANG_WARN_ENUM_CONVERSION = YES;
				CLANG_WARN_INFINITE_RECURSION = YES;
				CLANG_WARN_INT_CONVERSION = YES;
				CLANG_WARN_NON_LITERAL_NULL_CONVERSION = YES;
				CLANG_WARN_OBJC_IMPLICIT_RETAIN_SELF = YES;
				CLANG_WARN_OBJC_LITERAL_CONVERSION = YES;
				CLANG_WARN_OBJC_ROOT_CLASS = YES_ERROR;
				CLANG_WARN_QUOTED_INCLUDE_IN_FRAMEWORK_HEADER = YES;
				CLANG_WARN_RANGE_LOOP_ANALYSIS = YES;
				CLANG_WARN_STRICT_PROTOTYPES = YES;
				CLANG_WARN_SUSPICIOUS_MOVE = YES;
				CLANG_WARN_UNGUARDED_AVAILABILITY = YES_AGGRESSIVE;
				CLANG_WARN_UNREACHABLE_CODE = YES;
				CLANG_WARN__DUPLICATE_METHOD_MATCH = YES;
				COPY_PHASE_STRIP = NO;
				DEBUG_INFORMATION_FORMAT = dwarf;
				ENABLE_STRICT_OBJC_MSGSEND = YES;
				ENABLE_TESTABILITY = YES;
				GCC_C_LANGUAGE_STANDARD = gnu11;
				GCC_DYNAMIC_NO_PIC = NO;
				GCC_NO_COMMON_BLOCKS = YES;
				GCC_OPTIMIZATION_LEVEL = 0;
				GCC_PREPROCESSOR_DEFINITIONS = (
					"DEBUG=1",
					"$(inherited)",
				);
				GCC_WARN_64_TO_32_BIT_CONVERSION = YES;
				GCC_WARN_ABOUT_RETURN_TYPE = YES_ERROR;
				GCC_WARN_UNDECLARED_SELECTOR = YES;
				GCC_WARN_UNINITIALIZED_AUTOS = YES_AGGRESSIVE;
				GCC_WARN_UNUSED_FUNCTION = YES;
				GCC_WARN_UNUSED_VARIABLE = YES;
				IPHONEOS_DEPLOYMENT_TARGET = 16.0;
				MTL_ENABLE_DEBUG_INFO = INCLUDE_SOURCE;
				MTL_FAST_MATH = YES;
				ONLY_ACTIVE_ARCH = YES;
				SDKROOT = iphoneos;
				SWIFT_ACTIVE_COMPILATION_CONDITIONS = DEBUG;
				SWIFT_OPTIMIZATION_LEVEL = "-Onone";
			};
			name = Debug;
		};
		7CB7C6E8291D035A0094E9F2 /* Release */ = {
			isa = XCBuildConfiguration;
			buildSettings = {
				ALWAYS_SEARCH_USER_PATHS = NO;
				CLANG_ANALYZER_NONNULL = YES;
				CLANG_ANALYZER_NUMBER_OBJECT_CONVERSION = YES_AGGRESSIVE;
				CLANG_CXX_LANGUAGE_STANDARD = "gnu++20";
				CLANG_ENABLE_MODULES = YES;
				CLANG_ENABLE_OBJC_ARC = YES;
				CLANG_ENABLE_OBJC_WEAK = YES;
				CLANG_WARN_BLOCK_CAPTURE_AUTORELEASING = YES;
				CLANG_WARN_BOOL_CONVERSION = YES;
				CLANG_WARN_COMMA = YES;
				CLANG_WARN_CONSTANT_CONVERSION = YES;
				CLANG_WARN_DEPRECATED_OBJC_IMPLEMENTATIONS = YES;
				CLANG_WARN_DIRECT_OBJC_ISA_USAGE = YES_ERROR;
				CLANG_WARN_DOCUMENTATION_COMMENTS = YES;
				CLANG_WARN_EMPTY_BODY = YES;
				CLANG_WARN_ENUM_CONVERSION = YES;
				CLANG_WARN_INFINITE_RECURSION = YES;
				CLANG_WARN_INT_CONVERSION = YES;
				CLANG_WARN_NON_LITERAL_NULL_CONVERSION = YES;
				CLANG_WARN_OBJC_IMPLICIT_RETAIN_SELF = YES;
				CLANG_WARN_OBJC_LITERAL_CONVERSION = YES;
				CLANG_WARN_OBJC_ROOT_CLASS = YES_ERROR;
				CLANG_WARN_QUOTED_INCLUDE_IN_FRAMEWORK_HEADER = YES;
				CLANG_WARN_RANGE_LOOP_ANALYSIS = YES;
				CLANG_WARN_STRICT_PROTOTYPES = YES;
				CLANG_WARN_SUSPICIOUS_MOVE = YES;
				CLANG_WARN_UNGUARDED_AVAILABILITY = YES_AGGRESSIVE;
				CLANG_WARN_UNREACHABLE_CODE = YES;
				CLANG_WARN__DUPLICATE_METHOD_MATCH = YES;
				COPY_PHASE_STRIP = NO;
				DEBUG_INFORMATION_FORMAT = "dwarf-with-dsym";
				ENABLE_NS_ASSERTIONS = NO;
				ENABLE_STRICT_OBJC_MSGSEND = YES;
				GCC_C_LANGUAGE_STANDARD = gnu11;
				GCC_NO_COMMON_BLOCKS = YES;
				GCC_WARN_64_TO_32_BIT_CONVERSION = YES;
				GCC_WARN_ABOUT_RETURN_TYPE = YES_ERROR;
				GCC_WARN_UNDECLARED_SELECTOR = YES;
				GCC_WARN_UNINITIALIZED_AUTOS = YES_AGGRESSIVE;
				GCC_WARN_UNUSED_FUNCTION = YES;
				GCC_WARN_UNUSED_VARIABLE = YES;
				IPHONEOS_DEPLOYMENT_TARGET = 16.0;
				MTL_ENABLE_DEBUG_INFO = NO;
				MTL_FAST_MATH = YES;
				SDKROOT = iphoneos;
				SWIFT_COMPILATION_MODE = wholemodule;
				SWIFT_OPTIMIZATION_LEVEL = "-O";
				VALIDATE_PRODUCT = YES;
			};
			name = Release;
		};
		7CB7C6EA291D035A0094E9F2 /* Debug */ = {
			isa = XCBuildConfiguration;
			buildSettings = {
				ASSETCATALOG_COMPILER_APPICON_NAME = AppIcon;
				ASSETCATALOG_COMPILER_GLOBAL_ACCENT_COLOR_NAME = AccentColor;
				CODE_SIGN_STYLE = Automatic;
				CURRENT_PROJECT_VERSION = 1;
				DEVELOPMENT_ASSET_PATHS = "\"Food Explorer/Preview Content\"";
				DEVELOPMENT_TEAM = ZMQC37ZP3D;
				ENABLE_PREVIEWS = YES;
				GENERATE_INFOPLIST_FILE = YES;
				INFOPLIST_FILE = "Food-Explorer-Info.plist";
				INFOPLIST_KEY_NSLocationAlwaysAndWhenInUseUsageDescription = "This app requires access to the device´s location";
				INFOPLIST_KEY_NSLocationWhenInUseUsageDescription = "This app requires access to the device´s location";
				INFOPLIST_KEY_UIApplicationSceneManifest_Generation = YES;
				INFOPLIST_KEY_UIApplicationSupportsIndirectInputEvents = YES;
				INFOPLIST_KEY_UISupportedInterfaceOrientations_iPad = "UIInterfaceOrientationPortrait UIInterfaceOrientationPortraitUpsideDown UIInterfaceOrientationLandscapeLeft UIInterfaceOrientationLandscapeRight";
				INFOPLIST_KEY_UISupportedInterfaceOrientations_iPhone = "UIInterfaceOrientationPortrait UIInterfaceOrientationLandscapeLeft UIInterfaceOrientationLandscapeRight";
				LD_RUNPATH_SEARCH_PATHS = (
					"$(inherited)",
					"@executable_path/Frameworks",
				);
				MARKETING_VERSION = 1.0;
				PRODUCT_BUNDLE_IDENTIFIER = "dennis-sand.Food-Explorer";
				PRODUCT_NAME = "$(TARGET_NAME)";
				SWIFT_EMIT_LOC_STRINGS = YES;
				SWIFT_VERSION = 5.0;
				TARGETED_DEVICE_FAMILY = "1,2";
			};
			name = Debug;
		};
		7CB7C6EB291D035A0094E9F2 /* Release */ = {
			isa = XCBuildConfiguration;
			buildSettings = {
				ASSETCATALOG_COMPILER_APPICON_NAME = AppIcon;
				ASSETCATALOG_COMPILER_GLOBAL_ACCENT_COLOR_NAME = AccentColor;
				CODE_SIGN_STYLE = Automatic;
				CURRENT_PROJECT_VERSION = 1;
				DEVELOPMENT_ASSET_PATHS = "\"Food Explorer/Preview Content\"";
				DEVELOPMENT_TEAM = ZMQC37ZP3D;
				ENABLE_PREVIEWS = YES;
				GENERATE_INFOPLIST_FILE = YES;
				INFOPLIST_FILE = "Food-Explorer-Info.plist";
				INFOPLIST_KEY_NSLocationAlwaysAndWhenInUseUsageDescription = "This app requires access to the device´s location";
				INFOPLIST_KEY_NSLocationWhenInUseUsageDescription = "This app requires access to the device´s location";
				INFOPLIST_KEY_UIApplicationSceneManifest_Generation = YES;
				INFOPLIST_KEY_UIApplicationSupportsIndirectInputEvents = YES;
				INFOPLIST_KEY_UISupportedInterfaceOrientations_iPad = "UIInterfaceOrientationPortrait UIInterfaceOrientationPortraitUpsideDown UIInterfaceOrientationLandscapeLeft UIInterfaceOrientationLandscapeRight";
				INFOPLIST_KEY_UISupportedInterfaceOrientations_iPhone = "UIInterfaceOrientationPortrait UIInterfaceOrientationLandscapeLeft UIInterfaceOrientationLandscapeRight";
				LD_RUNPATH_SEARCH_PATHS = (
					"$(inherited)",
					"@executable_path/Frameworks",
				);
				MARKETING_VERSION = 1.0;
				PRODUCT_BUNDLE_IDENTIFIER = "dennis-sand.Food-Explorer";
				PRODUCT_NAME = "$(TARGET_NAME)";
				SWIFT_EMIT_LOC_STRINGS = YES;
				SWIFT_VERSION = 5.0;
				TARGETED_DEVICE_FAMILY = "1,2";
			};
			name = Release;
		};
/* End XCBuildConfiguration section */

/* Begin XCConfigurationList section */
		7CB7C6D6291D03580094E9F2 /* Build configuration list for PBXProject "Food Explorer" */ = {
			isa = XCConfigurationList;
			buildConfigurations = (
				7CB7C6E7291D035A0094E9F2 /* Debug */,
				7CB7C6E8291D035A0094E9F2 /* Release */,
			);
			defaultConfigurationIsVisible = 0;
			defaultConfigurationName = Release;
		};
		7CB7C6E9291D035A0094E9F2 /* Build configuration list for PBXNativeTarget "Food Explorer" */ = {
			isa = XCConfigurationList;
			buildConfigurations = (
				7CB7C6EA291D035A0094E9F2 /* Debug */,
				7CB7C6EB291D035A0094E9F2 /* Release */,
			);
			defaultConfigurationIsVisible = 0;
			defaultConfigurationName = Release;
		};
/* End XCConfigurationList section */

/* Begin XCRemoteSwiftPackageReference section */
		7C1ED00B291DC7D9002B3576 /* XCRemoteSwiftPackageReference "firebase-ios-sdk" */ = {
			isa = XCRemoteSwiftPackageReference;
			repositoryURL = "https://github.com/firebase/firebase-ios-sdk.git";
			requirement = {
				kind = upToNextMajorVersion;
				minimumVersion = 9.0.0;
			};
		};
/* End XCRemoteSwiftPackageReference section */

/* Begin XCSwiftPackageProductDependency section */
		7C1ED00C291DC7D9002B3576 /* FirebaseAuth */ = {
			isa = XCSwiftPackageProductDependency;
			package = 7C1ED00B291DC7D9002B3576 /* XCRemoteSwiftPackageReference "firebase-ios-sdk" */;
			productName = FirebaseAuth;
		};
		7C1ED00E291DC7D9002B3576 /* FirebaseFirestore */ = {
			isa = XCSwiftPackageProductDependency;
			package = 7C1ED00B291DC7D9002B3576 /* XCRemoteSwiftPackageReference "firebase-ios-sdk" */;
			productName = FirebaseFirestore;
		};
		7C1ED010291DC7D9002B3576 /* FirebaseFirestoreSwift */ = {
			isa = XCSwiftPackageProductDependency;
			package = 7C1ED00B291DC7D9002B3576 /* XCRemoteSwiftPackageReference "firebase-ios-sdk" */;
			productName = FirebaseFirestoreSwift;
		};
		7C1ED012291DC7D9002B3576 /* FirebaseStorage */ = {
			isa = XCSwiftPackageProductDependency;
			package = 7C1ED00B291DC7D9002B3576 /* XCRemoteSwiftPackageReference "firebase-ios-sdk" */;
			productName = FirebaseStorage;
		};
/* End XCSwiftPackageProductDependency section */
	};
	rootObject = 7CB7C6D3291D03580094E9F2 /* Project object */;
}
